
Microsoft Visual Studio Solution File, Format Version 12.00
# Visual Studio Version 16
VisualStudioVersion = 16.0.32510.428
MinimumVisualStudioVersion = 10.0.40219.1
Project("{FAE04EC0-301F-11D3-BF4B-00C04F79EFBC}") = "Job.api", "Job.api.csproj", "{851FA8FC-6E9F-416C-A9DC-6EB433945964}"
EndProject
Project("{FAE04EC0-301F-11D3-BF4B-00C04F79EFBC}") = "Job.Data", "..\Data\Job.Data.csproj", "{C8B1A6D3-2050-4BA7-96BD-D23587ACF09B}"
EndProject
Project("{FAE04EC0-301F-11D3-BF4B-00C04F79EFBC}") = "Job.service", "..\Job.service\Job.service.csproj", "{431C485C-FFC3-46B8-9C65-2B055899D398}"
EndProject
Global
	GlobalSection(SolutionConfigurationPlatforms) = preSolution
		Debug|Any CPU = Debug|Any CPU
		Release|Any CPU = Release|Any CPU
	EndGlobalSection
	GlobalSection(ProjectConfigurationPlatforms) = postSolution
		{851FA8FC-6E9F-416C-A9DC-6EB433945964}.Debug|Any CPU.ActiveCfg = Debug|Any CPU
		{851FA8FC-6E9F-416C-A9DC-6EB433945964}.Debug|Any CPU.Build.0 = Debug|Any CPU
		{851FA8FC-6E9F-416C-A9DC-6EB433945964}.Release|Any CPU.ActiveCfg = Release|Any CPU
		{851FA8FC-6E9F-416C-A9DC-6EB433945964}.Release|Any CPU.Build.0 = Release|Any CPU
		{C8B1A6D3-2050-4BA7-96BD-D23587ACF09B}.Debug|Any CPU.ActiveCfg = Debug|Any CPU
		{C8B1A6D3-2050-4BA7-96BD-D23587ACF09B}.Debug|Any CPU.Build.0 = Debug|Any CPU
		{C8B1A6D3-2050-4BA7-96BD-D23587ACF09B}.Release|Any CPU.ActiveCfg = Release|Any CPU
		{C8B1A6D3-2050-4BA7-96BD-D23587ACF09B}.Release|Any CPU.Build.0 = Release|Any CPU
		{431C485C-FFC3-46B8-9C65-2B055899D398}.Debug|Any CPU.ActiveCfg = Debug|Any CPU
		{431C485C-FFC3-46B8-9C65-2B055899D398}.Debug|Any CPU.Build.0 = Debug|Any CPU
		{431C485C-FFC3-46B8-9C65-2B055899D398}.Release|Any CPU.ActiveCfg = Release|Any CPU
		{431C485C-FFC3-46B8-9C65-2B055899D398}.Release|Any CPU.Build.0 = Release|Any CPU
	EndGlobalSection
	GlobalSection(SolutionProperties) = preSolution
		HideSolutionNode = FALSE
	EndGlobalSection
	GlobalSection(ExtensibilityGlobals) = postSolution
		SolutionGuid = {1570084B-B5E6-4FA7-B9FC-84A66F0DD290}
	EndGlobalSection
EndGlobal
